
Microsoft Visual Studio Solution File, Format Version 12.00
# Visual Studio for Mac
Project("{FAE04EC0-301F-11D3-BF4B-00C04F79EFBC}") = "UniRx", "UniRx.csproj", "{4715C2E5-4134-2EA5-08B2-566C4E380342}"
EndProject
Project("{FAE04EC0-301F-11D3-BF4B-00C04F79EFBC}") = "Assembly-CSharp", "Assembly-CSharp.csproj", "{72EED551-E35E-2E0F-3927-E69A13A8185F}"
EndProject
Project("{FAE04EC0-301F-11D3-BF4B-00C04F79EFBC}") = "UniRx.Async", "UniRx.Async.csproj", "{D8762CDD-67F0-D370-3C56-8DE3A0D07D96}"
EndProject
Project("{FAE04EC0-301F-11D3-BF4B-00C04F79EFBC}") = "Assembly-CSharp-firstpass", "Assembly-CSharp-firstpass.csproj", "{1764C3B4-B55C-E2B0-3412-9404ADBFE686}"
EndProject
Project("{FAE04EC0-301F-11D3-BF4B-00C04F79EFBC}") = "UniRx.Examples", "UniRx.Examples.csproj", "{FFFF1E03-4750-44B9-EAFD-4EF551490099}"
EndProject
Project("{FAE04EC0-301F-11D3-BF4B-00C04F79EFBC}") = "Assembly-CSharp-Editor-firstpass", "Assembly-CSharp-Editor-firstpass.csproj", "{8754C7A7-A77A-655E-0F78-E300109D43C1}"
EndProject
Project("{FAE04EC0-301F-11D3-BF4B-00C04F79EFBC}") = "Assembly-CSharp-Editor", "Assembly-CSharp-Editor.csproj", "{4CF9A4CB-B8D2-5295-6AA3-322DC8883097}"
EndProject
Project("{FAE04EC0-301F-11D3-BF4B-00C04F79EFBC}") = "UniRx.Async.Editor", "UniRx.Async.Editor.csproj", "{4F8AAB12-703F-D4F4-329C-EB5225977370}"
EndProject
Global
	GlobalSection(SolutionConfigurationPlatforms) = preSolution
		Debug|Any CPU = Debug|Any CPU
		Release|Any CPU = Release|Any CPU
	EndGlobalSection
	GlobalSection(ProjectConfigurationPlatforms) = postSolution
		{4715C2E5-4134-2EA5-08B2-566C4E380342}.Debug|Any CPU.ActiveCfg = Debug|Any CPU
		{4715C2E5-4134-2EA5-08B2-566C4E380342}.Debug|Any CPU.Build.0 = Debug|Any CPU
		{4715C2E5-4134-2EA5-08B2-566C4E380342}.Release|Any CPU.ActiveCfg = Release|Any CPU
		{4715C2E5-4134-2EA5-08B2-566C4E380342}.Release|Any CPU.Build.0 = Release|Any CPU
		{72EED551-E35E-2E0F-3927-E69A13A8185F}.Debug|Any CPU.ActiveCfg = Debug|Any CPU
		{72EED551-E35E-2E0F-3927-E69A13A8185F}.Debug|Any CPU.Build.0 = Debug|Any CPU
		{72EED551-E35E-2E0F-3927-E69A13A8185F}.Release|Any CPU.ActiveCfg = Release|Any CPU
		{72EED551-E35E-2E0F-3927-E69A13A8185F}.Release|Any CPU.Build.0 = Release|Any CPU
		{D8762CDD-67F0-D370-3C56-8DE3A0D07D96}.Debug|Any CPU.ActiveCfg = Debug|Any CPU
		{D8762CDD-67F0-D370-3C56-8DE3A0D07D96}.Debug|Any CPU.Build.0 = Debug|Any CPU
		{D8762CDD-67F0-D370-3C56-8DE3A0D07D96}.Release|Any CPU.ActiveCfg = Release|Any CPU
		{D8762CDD-67F0-D370-3C56-8DE3A0D07D96}.Release|Any CPU.Build.0 = Release|Any CPU
		{1764C3B4-B55C-E2B0-3412-9404ADBFE686}.Debug|Any CPU.ActiveCfg = Debug|Any CPU
		{1764C3B4-B55C-E2B0-3412-9404ADBFE686}.Debug|Any CPU.Build.0 = Debug|Any CPU
		{1764C3B4-B55C-E2B0-3412-9404ADBFE686}.Release|Any CPU.ActiveCfg = Release|Any CPU
		{1764C3B4-B55C-E2B0-3412-9404ADBFE686}.Release|Any CPU.Build.0 = Release|Any CPU
		{FFFF1E03-4750-44B9-EAFD-4EF551490099}.Debug|Any CPU.ActiveCfg = Debug|Any CPU
		{FFFF1E03-4750-44B9-EAFD-4EF551490099}.Debug|Any CPU.Build.0 = Debug|Any CPU
		{FFFF1E03-4750-44B9-EAFD-4EF551490099}.Release|Any CPU.ActiveCfg = Release|Any CPU
		{FFFF1E03-4750-44B9-EAFD-4EF551490099}.Release|Any CPU.Build.0 = Release|Any CPU
		{8754C7A7-A77A-655E-0F78-E300109D43C1}.Debug|Any CPU.ActiveCfg = Debug|Any CPU
		{8754C7A7-A77A-655E-0F78-E300109D43C1}.Debug|Any CPU.Build.0 = Debug|Any CPU
		{8754C7A7-A77A-655E-0F78-E300109D43C1}.Release|Any CPU.ActiveCfg = Release|Any CPU
		{8754C7A7-A77A-655E-0F78-E300109D43C1}.Release|Any CPU.Build.0 = Release|Any CPU
		{4CF9A4CB-B8D2-5295-6AA3-322DC8883097}.Debug|Any CPU.ActiveCfg = Debug|Any CPU
		{4CF9A4CB-B8D2-5295-6AA3-322DC8883097}.Debug|Any CPU.Build.0 = Debug|Any CPU
		{4CF9A4CB-B8D2-5295-6AA3-322DC8883097}.Release|Any CPU.ActiveCfg = Release|Any CPU
		{4CF9A4CB-B8D2-5295-6AA3-322DC8883097}.Release|Any CPU.Build.0 = Release|Any CPU
		{4F8AAB12-703F-D4F4-329C-EB5225977370}.Debug|Any CPU.ActiveCfg = Debug|Any CPU
		{4F8AAB12-703F-D4F4-329C-EB5225977370}.Debug|Any CPU.Build.0 = Debug|Any CPU
		{4F8AAB12-703F-D4F4-329C-EB5225977370}.Release|Any CPU.ActiveCfg = Release|Any CPU
		{4F8AAB12-703F-D4F4-329C-EB5225977370}.Release|Any CPU.Build.0 = Release|Any CPU
	EndGlobalSection
	GlobalSection(SolutionProperties) = preSolution
		HideSolutionNode = FALSE
	EndGlobalSection
EndGlobal
